
Microsoft Visual Studio Solution File, Format Version 12.00
# Visual Studio 15
VisualStudioVersion = 15.0.28307.1267
MinimumVisualStudioVersion = 10.0.40219.1
Project("{8BC9CEB8-8B4A-11D0-8D11-00A0C91BC942}") = "MNIST_fast", "MNIST_fast\MNIST_fast.vcxproj", "{9B1FFB74-5AD4-4F47-B63F-D95C7DB85056}"
EndProject
Global
	GlobalSection(SolutionConfigurationPlatforms) = preSolution
		Debug|x64 = Debug|x64
		Debug|x86 = Debug|x86
		Release|x64 = Release|x64
		Release|x86 = Release|x86
	EndGlobalSection
	GlobalSection(ProjectConfigurationPlatforms) = postSolution
		{9B1FFB74-5AD4-4F47-B63F-D95C7DB85056}.Debug|x64.ActiveCfg = Debug|x64
		{9B1FFB74-5AD4-4F47-B63F-D95C7DB85056}.Debug|x64.Build.0 = Debug|x64
		{9B1FFB74-5AD4-4F47-B63F-D95C7DB85056}.Debug|x86.ActiveCfg = Debug|Win32
		{9B1FFB74-5AD4-4F47-B63F-D95C7DB85056}.Debug|x86.Build.0 = Debug|Win32
		{9B1FFB74-5AD4-4F47-B63F-D95C7DB85056}.Release|x64.ActiveCfg = Release|x64
		{9B1FFB74-5AD4-4F47-B63F-D95C7DB85056}.Release|x64.Build.0 = Release|x64
		{9B1FFB74-5AD4-4F47-B63F-D95C7DB85056}.Release|x86.ActiveCfg = Release|Win32
		{9B1FFB74-5AD4-4F47-B63F-D95C7DB85056}.Release|x86.Build.0 = Release|Win32
	EndGlobalSection
	GlobalSection(SolutionProperties) = preSolution
		HideSolutionNode = FALSE
	EndGlobalSection
	GlobalSection(ExtensibilityGlobals) = postSolution
		SolutionGuid = {07E48F14-1842-4175-8BFD-61EE0216B096}
	EndGlobalSection
EndGlobal
