
Microsoft Visual Studio Solution File, Format Version 12.00
# Visual Studio 15
VisualStudioVersion = 15.0.28307.902
MinimumVisualStudioVersion = 10.0.40219.1
Project("{FAE04EC0-301F-11D3-BF4B-00C04F79EFBC}") = "SoundClassifier", "SoundClassifier\SoundClassifier.csproj", "{D8B990D9-EAA2-4583-A4C5-2A3F1CD7B2EE}"
EndProject
Project("{FAE04EC0-301F-11D3-BF4B-00C04F79EFBC}") = "ControlsLibrary", "ControlsLibrary\ControlsLibrary.csproj", "{59136971-4FCF-4808-A733-51496C5B0972}"
EndProject
Global
	GlobalSection(SolutionConfigurationPlatforms) = preSolution
		Debug|Any CPU = Debug|Any CPU
		Release|Any CPU = Release|Any CPU
	EndGlobalSection
	GlobalSection(ProjectConfigurationPlatforms) = postSolution
		{D8B990D9-EAA2-4583-A4C5-2A3F1CD7B2EE}.Debug|Any CPU.ActiveCfg = Debug|Any CPU
		{D8B990D9-EAA2-4583-A4C5-2A3F1CD7B2EE}.Debug|Any CPU.Build.0 = Debug|Any CPU
		{D8B990D9-EAA2-4583-A4C5-2A3F1CD7B2EE}.Release|Any CPU.ActiveCfg = Release|Any CPU
		{D8B990D9-EAA2-4583-A4C5-2A3F1CD7B2EE}.Release|Any CPU.Build.0 = Release|Any CPU
		{59136971-4FCF-4808-A733-51496C5B0972}.Debug|Any CPU.ActiveCfg = Debug|Any CPU
		{59136971-4FCF-4808-A733-51496C5B0972}.Debug|Any CPU.Build.0 = Debug|Any CPU
		{59136971-4FCF-4808-A733-51496C5B0972}.Release|Any CPU.ActiveCfg = Release|Any CPU
		{59136971-4FCF-4808-A733-51496C5B0972}.Release|Any CPU.Build.0 = Release|Any CPU
	EndGlobalSection
	GlobalSection(SolutionProperties) = preSolution
		HideSolutionNode = FALSE
	EndGlobalSection
	GlobalSection(ExtensibilityGlobals) = postSolution
		SolutionGuid = {C4B932B7-37E9-4ED4-AC58-E62B154365E3}
	EndGlobalSection
EndGlobal
