
Microsoft Visual Studio Solution File, Format Version 12.00
# Visual Studio 15
VisualStudioVersion = 15.0.28307.1267
MinimumVisualStudioVersion = 10.0.40219.1
Project("{8BC9CEB8-8B4A-11D0-8D11-00A0C91BC942}") = "ClassifyFrequencyArray", "ClassifyFrequencyArray\ClassifyFrequencyArray.vcxproj", "{9770BB16-A312-40D0-A183-AC3F5EFFA425}"
EndProject
Project("{8BC9CEB8-8B4A-11D0-8D11-00A0C91BC942}") = "CreateDataSet", "CreateDataSet\CreateDataSet.vcxproj", "{3275B36D-7537-4975-B77D-5981C068B7B9}"
EndProject
Global
	GlobalSection(SolutionConfigurationPlatforms) = preSolution
		Debug|x64 = Debug|x64
		Debug|x86 = Debug|x86
		Release|x64 = Release|x64
		Release|x86 = Release|x86
	EndGlobalSection
	GlobalSection(ProjectConfigurationPlatforms) = postSolution
		{9770BB16-A312-40D0-A183-AC3F5EFFA425}.Debug|x64.ActiveCfg = Debug|x64
		{9770BB16-A312-40D0-A183-AC3F5EFFA425}.Debug|x64.Build.0 = Debug|x64
		{9770BB16-A312-40D0-A183-AC3F5EFFA425}.Debug|x86.ActiveCfg = Debug|x64
		{9770BB16-A312-40D0-A183-AC3F5EFFA425}.Debug|x86.Build.0 = Debug|x64
		{9770BB16-A312-40D0-A183-AC3F5EFFA425}.Release|x64.ActiveCfg = Release|x64
		{9770BB16-A312-40D0-A183-AC3F5EFFA425}.Release|x64.Build.0 = Release|x64
		{9770BB16-A312-40D0-A183-AC3F5EFFA425}.Release|x86.ActiveCfg = Release|Win32
		{9770BB16-A312-40D0-A183-AC3F5EFFA425}.Release|x86.Build.0 = Release|Win32
		{3275B36D-7537-4975-B77D-5981C068B7B9}.Debug|x64.ActiveCfg = Debug|x64
		{3275B36D-7537-4975-B77D-5981C068B7B9}.Debug|x64.Build.0 = Debug|x64
		{3275B36D-7537-4975-B77D-5981C068B7B9}.Debug|x86.ActiveCfg = Debug|Win32
		{3275B36D-7537-4975-B77D-5981C068B7B9}.Debug|x86.Build.0 = Debug|Win32
		{3275B36D-7537-4975-B77D-5981C068B7B9}.Release|x64.ActiveCfg = Release|x64
		{3275B36D-7537-4975-B77D-5981C068B7B9}.Release|x64.Build.0 = Release|x64
		{3275B36D-7537-4975-B77D-5981C068B7B9}.Release|x86.ActiveCfg = Release|Win32
		{3275B36D-7537-4975-B77D-5981C068B7B9}.Release|x86.Build.0 = Release|Win32
	EndGlobalSection
	GlobalSection(SolutionProperties) = preSolution
		HideSolutionNode = FALSE
	EndGlobalSection
	GlobalSection(ExtensibilityGlobals) = postSolution
		SolutionGuid = {15BB1D5C-FBA7-480A-8ED4-A96AA10AB87D}
	EndGlobalSection
EndGlobal
