<?xml version="1.0" encoding="utf-8"?>
<Project ToolsVersion="4.0" xmlns="http://schemas.microsoft.com/developer/msbuild/2003">
  <ItemGroup>
    <Filter Include="Source Files">
      <UniqueIdentifier>{4FC737F1-C7A5-4376-A066-2A32D752A2FF}</UniqueIdentifier>
      <Extensions>cpp;c;cc;cxx;def;odl;idl;hpj;bat;asm;asmx</Extensions>
    </Filter>
    <Filter Include="Header Files">
      <UniqueIdentifier>{93995380-89BD-4b04-88EB-625FBE52EBFB}</UniqueIdentifier>
      <Extensions>h;hh;hpp;hxx;hm;inl;inc;ipp;xsd</Extensions>
    </Filter>
    <Filter Include="Resource Files">
      <UniqueIdentifier>{dbb2c91f-b507-4c50-85e1-4d3d05f6f682}</UniqueIdentifier>
    </Filter>
    <Filter Include="Source Files\Items">
      <UniqueIdentifier>{dc7a7c02-837e-4ba8-9461-4b520f409b19}</UniqueIdentifier>
    </Filter>
    <Filter Include="Source Files\GameMechanicsClasses">
      <UniqueIdentifier>{834abc5a-48ab-4b5d-9d61-da201d762b06}</UniqueIdentifier>
    </Filter>
  </ItemGroup>
  <ItemGroup>
    <ClCompile Include="main.cpp">
      <Filter>Source Files</Filter>
    </ClCompile>
    <ClCompile Include="Game.cpp">
      <Filter>Source Files</Filter>
    </ClCompile>
    <ClCompile Include="Wheat.cpp">
      <Filter>Source Files\Items</Filter>
    </ClCompile>
    <ClCompile Include="Farmland.cpp">
      <Filter>Source Files\GameMechanicsClasses</Filter>
    </ClCompile>
    <ClCompile Include="GameItem.cpp">
      <Filter>Source Files\GameMechanicsClasses</Filter>
    </ClCompile>
    <ClCompile Include="Inventory.cpp">
      <Filter>Source Files\GameMechanicsClasses</Filter>
    </ClCompile>
    <ClCompile Include="Carrot.cpp">
      <Filter>Source Files\Items</Filter>
    </ClCompile>
    <ClCompile Include="Potato.cpp">
      <Filter>Source Files\Items</Filter>
    </ClCompile>
    <ClCompile Include="Barn.cpp">
      <Filter>Source Files\GameMechanicsClasses</Filter>
    </ClCompile>
  </ItemGroup>
  <ItemGroup>
    <ClInclude Include="resource.h">
      <Filter>Header Files</Filter>
    </ClInclude>
    <ClInclude Include="Inventory.h">
      <Filter>Header Files</Filter>
    </ClInclude>
    <ClInclude Include="GameItem.h">
      <Filter>Header Files</Filter>
    </ClInclude>
    <ClInclude Include="Wheat.h">
      <Filter>Header Files</Filter>
    </ClInclude>
    <ClInclude Include="Game.h">
      <Filter>Header Files</Filter>
    </ClInclude>
    <ClInclude Include="Farmland.h">
      <Filter>Header Files</Filter>
    </ClInclude>
    <ClInclude Include="Carrot.h">
      <Filter>Header Files</Filter>
    </ClInclude>
    <ClInclude Include="Potato.h">
      <Filter>Header Files</Filter>
    </ClInclude>
    <ClInclude Include="Barn.h">
      <Filter>Header Files</Filter>
    </ClInclude>
  </ItemGroup>
  <ItemGroup>
    <ResourceCompile Include="FarmingGame.rc" />
  </ItemGroup>
</Project>