<?xml version="1.0" encoding="utf-8"?>
<Project ToolsVersion="4.0" xmlns="http://schemas.microsoft.com/developer/msbuild/2003">
  <ItemGroup>
    <Filter Include="Source Files">
      <UniqueIdentifier>{4FC737F1-C7A5-4376-A066-2A32D752A2FF}</UniqueIdentifier>
      <Extensions>cpp;c;cc;cxx;def;odl;idl;hpj;bat;asm;asmx</Extensions>
    </Filter>
    <Filter Include="Header Files">
      <UniqueIdentifier>{93995380-89BD-4b04-88EB-625FBE52EBFB}</UniqueIdentifier>
      <Extensions>h;hh;hpp;hxx;hm;inl;inc;ipp;xsd</Extensions>
    </Filter>
    <Filter Include="Resource Files">
      <UniqueIdentifier>{67DA6AB6-F800-4c08-8B7A-83BB121AAD01}</UniqueIdentifier>
      <Extensions>rc;ico;cur;bmp;dlg;rc2;rct;bin;rgs;gif;jpg;jpeg;jpe;resx;tiff;tif;png;wav;mfcribbon-ms</Extensions>
    </Filter>
    <Filter Include="KNN">
      <UniqueIdentifier>{eeece25b-e495-4a1c-8c54-a7d2e1e60949}</UniqueIdentifier>
    </Filter>
    <Filter Include="KNN\include">
      <UniqueIdentifier>{50d84de2-5138-4079-916c-9eaade908837}</UniqueIdentifier>
    </Filter>
    <Filter Include="KNN\src">
      <UniqueIdentifier>{958d6fac-e248-4feb-9354-808eab430b61}</UniqueIdentifier>
    </Filter>
    <Filter Include="KMEANS">
      <UniqueIdentifier>{9487aab1-397b-4783-a29b-aee4e39bd51a}</UniqueIdentifier>
    </Filter>
    <Filter Include="KMEANS\src">
      <UniqueIdentifier>{65a60cfb-5bb3-4f44-a199-4bdaebc8965a}</UniqueIdentifier>
    </Filter>
    <Filter Include="KMEANS\include">
      <UniqueIdentifier>{98ecb13a-33c1-4dcf-96a2-9619bd231095}</UniqueIdentifier>
    </Filter>
    <Filter Include="Neural_Network">
      <UniqueIdentifier>{89d5d473-1bec-487b-91b3-e37494c61b25}</UniqueIdentifier>
    </Filter>
    <Filter Include="Neural_Network\include">
      <UniqueIdentifier>{858358c2-2e73-41ca-837f-ea35e64ddfeb}</UniqueIdentifier>
    </Filter>
    <Filter Include="Neural_Network\src">
      <UniqueIdentifier>{19ff9fd5-b82f-4970-80b0-d3900c3d0e1a}</UniqueIdentifier>
    </Filter>
  </ItemGroup>
  <ItemGroup>
    <ClInclude Include="data.h">
      <Filter>Header Files</Filter>
    </ClInclude>
    <ClInclude Include="data_handler.h">
      <Filter>Header Files</Filter>
    </ClInclude>
    <ClInclude Include="knn.h">
      <Filter>KNN\include</Filter>
    </ClInclude>
    <ClInclude Include="Graphic.h">
      <Filter>Header Files</Filter>
    </ClInclude>
    <ClInclude Include="common_data.h">
      <Filter>Header Files</Filter>
    </ClInclude>
    <ClInclude Include="kmeans.h">
      <Filter>KMEANS\include</Filter>
    </ClInclude>
    <ClInclude Include="layer.h">
      <Filter>Neural_Network\include</Filter>
    </ClInclude>
    <ClInclude Include="input_layer.h">
      <Filter>Neural_Network\include</Filter>
    </ClInclude>
    <ClInclude Include="hidden_layer.h">
      <Filter>Neural_Network\include</Filter>
    </ClInclude>
    <ClInclude Include="output_layer.h">
      <Filter>Neural_Network\include</Filter>
    </ClInclude>
    <ClInclude Include="neuron.h">
      <Filter>Neural_Network\include</Filter>
    </ClInclude>
    <ClInclude Include="network.h">
      <Filter>Neural_Network\include</Filter>
    </ClInclude>
  </ItemGroup>
  <ItemGroup>
    <ClCompile Include="data.cpp">
      <Filter>Source Files</Filter>
    </ClCompile>
    <ClCompile Include="data_handler.cpp">
      <Filter>Source Files</Filter>
    </ClCompile>
    <ClCompile Include="knn.cpp">
      <Filter>KNN\src</Filter>
    </ClCompile>
    <ClCompile Include="Graphic.cpp">
      <Filter>Source Files</Filter>
    </ClCompile>
    <ClCompile Include="common_data.cpp">
      <Filter>Source Files</Filter>
    </ClCompile>
    <ClCompile Include="kmeans.cpp">
      <Filter>KMEANS\src</Filter>
    </ClCompile>
    <ClCompile Include="layer.cpp">
      <Filter>Neural_Network\src</Filter>
    </ClCompile>
    <ClCompile Include="hidden_layer.cpp">
      <Filter>Neural_Network\src</Filter>
    </ClCompile>
    <ClCompile Include="input_layer.cpp">
      <Filter>Neural_Network\src</Filter>
    </ClCompile>
    <ClCompile Include="network.cpp">
      <Filter>Neural_Network\src</Filter>
    </ClCompile>
    <ClCompile Include="neuron.cpp">
      <Filter>Neural_Network\src</Filter>
    </ClCompile>
    <ClCompile Include="Source.cpp">
      <Filter>Source Files</Filter>
    </ClCompile>
  </ItemGroup>
</Project>